
Microsoft Visual Studio Solution File, Format Version 12.00
# Visual Studio Version 17
VisualStudioVersion = 17.12.35707.178
MinimumVisualStudioVersion = 10.0.40219.1
Project("{FAE04EC0-301F-11D3-BF4B-00C04F79EFBC}") = "ConsoleProgram", "ConsoleProgram.csproj", "{C90CE99C-A6C0-4013-B394-DA1B2807AC50}"
EndProject
Project("{FAE04EC0-301F-11D3-BF4B-00C04F79EFBC}") = "Dopamine", "..\Dopamine\Dopamine.csproj", "{146F3A6B-94FA-4623-9E15-73DEBED46049}"
EndProject
Project("{FAE04EC0-301F-11D3-BF4B-00C04F79EFBC}") = "CompanyCode", "..\CompanyCode\CompanyCode.csproj", "{B97BC7C3-9E9C-46D4-A28F-5714B66B88AC}"
EndProject
Project("{FAE04EC0-301F-11D3-BF4B-00C04F79EFBC}") = "Dopamine.WPF.DataBaseMerge", "..\Dopamine.WPF\Dopamine.WPF.DataBaseMerge.csproj", "{D78AF256-D411-4564-BDA8-0CE47F1D2599}"
EndProject
Project("{FAE04EC0-301F-11D3-BF4B-00C04F79EFBC}") = "DeepSeekApi", "..\DeepSeekApi\DeepSeekApi.csproj", "{BA42D9BD-03FB-4E98-8D7A-CDEF43786652}"
EndProject
Project("{2150E333-8FDC-42A3-9474-1A3956D46DE8}") = "解决方案项", "解决方案项", "{9FA3D6BD-1EC1-3BA5-80CB-CE02773A58D5}"
EndProject
Project("{FAE04EC0-301F-11D3-BF4B-00C04F79EFBC}") = "Dopamine.ChatApp", "..\Dopamine.Framework.ChatApp\Dopamine.ChatApp.csproj", "{D4E31BF6-8ADC-45AE-AA9D-1FCAD1A1A3A4}"
EndProject
Project("{FAE04EC0-301F-11D3-BF4B-00C04F79EFBC}") = "Dopamine.Framework.SelfLib", "..\Dopamine.Framework.SelfLib\Dopamine.Framework.SelfLib.csproj", "{F35A6ED4-245C-4E13-A6D6-73153C558BB3}"
EndProject
Project("{FAE04EC0-301F-11D3-BF4B-00C04F79EFBC}") = "LeetCode", "..\LeetCode\LeetCode.csproj", "{2C47F913-A521-4DB0-A01B-12C595C70CDB}"
EndProject
Project("{FAE04EC0-301F-11D3-BF4B-00C04F79EFBC}") = "FrameTool", "..\FrameTool\FrameTool.csproj", "{2BE9439E-03AB-4AB7-896D-922CB9BAB6FA}"
EndProject
Project("{FAE04EC0-301F-11D3-BF4B-00C04F79EFBC}") = "VoltageInsulationTest", "..\耐压测试\VoltageInsulationTest.csproj", "{834FF0F5-12C4-47CE-B68A-41C9B69C2267}"
EndProject
Project("{FAE04EC0-301F-11D3-BF4B-00C04F79EFBC}") = "Dopamine.MSBuild", "..\MSBuild\Dopamine.MSBuild.csproj", "{DD3741DE-9EA8-4E75-9E63-E4F989E3CF20}"
EndProject
Global
	GlobalSection(SolutionConfigurationPlatforms) = preSolution
		Debug|Any CPU = Debug|Any CPU
		Release|Any CPU = Release|Any CPU
	EndGlobalSection
	GlobalSection(ProjectConfigurationPlatforms) = postSolution
		{C90CE99C-A6C0-4013-B394-DA1B2807AC50}.Debug|Any CPU.ActiveCfg = Debug|Any CPU
		{C90CE99C-A6C0-4013-B394-DA1B2807AC50}.Debug|Any CPU.Build.0 = Debug|Any CPU
		{C90CE99C-A6C0-4013-B394-DA1B2807AC50}.Release|Any CPU.ActiveCfg = Release|Any CPU
		{C90CE99C-A6C0-4013-B394-DA1B2807AC50}.Release|Any CPU.Build.0 = Release|Any CPU
		{146F3A6B-94FA-4623-9E15-73DEBED46049}.Debug|Any CPU.ActiveCfg = Debug|Any CPU
		{146F3A6B-94FA-4623-9E15-73DEBED46049}.Debug|Any CPU.Build.0 = Debug|Any CPU
		{146F3A6B-94FA-4623-9E15-73DEBED46049}.Release|Any CPU.ActiveCfg = Release|Any CPU
		{146F3A6B-94FA-4623-9E15-73DEBED46049}.Release|Any CPU.Build.0 = Release|Any CPU
		{B97BC7C3-9E9C-46D4-A28F-5714B66B88AC}.Debug|Any CPU.ActiveCfg = Debug|Any CPU
		{B97BC7C3-9E9C-46D4-A28F-5714B66B88AC}.Debug|Any CPU.Build.0 = Debug|Any CPU
		{B97BC7C3-9E9C-46D4-A28F-5714B66B88AC}.Release|Any CPU.ActiveCfg = Release|Any CPU
		{B97BC7C3-9E9C-46D4-A28F-5714B66B88AC}.Release|Any CPU.Build.0 = Release|Any CPU
		{D78AF256-D411-4564-BDA8-0CE47F1D2599}.Debug|Any CPU.ActiveCfg = Debug|Any CPU
		{D78AF256-D411-4564-BDA8-0CE47F1D2599}.Debug|Any CPU.Build.0 = Debug|Any CPU
		{D78AF256-D411-4564-BDA8-0CE47F1D2599}.Release|Any CPU.ActiveCfg = Release|Any CPU
		{D78AF256-D411-4564-BDA8-0CE47F1D2599}.Release|Any CPU.Build.0 = Release|Any CPU
		{BA42D9BD-03FB-4E98-8D7A-CDEF43786652}.Debug|Any CPU.ActiveCfg = Debug|Any CPU
		{BA42D9BD-03FB-4E98-8D7A-CDEF43786652}.Debug|Any CPU.Build.0 = Debug|Any CPU
		{BA42D9BD-03FB-4E98-8D7A-CDEF43786652}.Release|Any CPU.ActiveCfg = Release|Any CPU
		{BA42D9BD-03FB-4E98-8D7A-CDEF43786652}.Release|Any CPU.Build.0 = Release|Any CPU
		{D4E31BF6-8ADC-45AE-AA9D-1FCAD1A1A3A4}.Debug|Any CPU.ActiveCfg = Debug|Any CPU
		{D4E31BF6-8ADC-45AE-AA9D-1FCAD1A1A3A4}.Debug|Any CPU.Build.0 = Debug|Any CPU
		{D4E31BF6-8ADC-45AE-AA9D-1FCAD1A1A3A4}.Release|Any CPU.ActiveCfg = Release|Any CPU
		{D4E31BF6-8ADC-45AE-AA9D-1FCAD1A1A3A4}.Release|Any CPU.Build.0 = Release|Any CPU
		{F35A6ED4-245C-4E13-A6D6-73153C558BB3}.Debug|Any CPU.ActiveCfg = Debug|Any CPU
		{F35A6ED4-245C-4E13-A6D6-73153C558BB3}.Debug|Any CPU.Build.0 = Debug|Any CPU
		{F35A6ED4-245C-4E13-A6D6-73153C558BB3}.Release|Any CPU.ActiveCfg = Release|Any CPU
		{F35A6ED4-245C-4E13-A6D6-73153C558BB3}.Release|Any CPU.Build.0 = Release|Any CPU
		{2C47F913-A521-4DB0-A01B-12C595C70CDB}.Debug|Any CPU.ActiveCfg = Debug|Any CPU
		{2C47F913-A521-4DB0-A01B-12C595C70CDB}.Debug|Any CPU.Build.0 = Debug|Any CPU
		{2C47F913-A521-4DB0-A01B-12C595C70CDB}.Release|Any CPU.ActiveCfg = Release|Any CPU
		{2C47F913-A521-4DB0-A01B-12C595C70CDB}.Release|Any CPU.Build.0 = Release|Any CPU
		{2BE9439E-03AB-4AB7-896D-922CB9BAB6FA}.Debug|Any CPU.ActiveCfg = Debug|Any CPU
		{2BE9439E-03AB-4AB7-896D-922CB9BAB6FA}.Debug|Any CPU.Build.0 = Debug|Any CPU
		{2BE9439E-03AB-4AB7-896D-922CB9BAB6FA}.Release|Any CPU.ActiveCfg = Release|Any CPU
		{2BE9439E-03AB-4AB7-896D-922CB9BAB6FA}.Release|Any CPU.Build.0 = Release|Any CPU
		{834FF0F5-12C4-47CE-B68A-41C9B69C2267}.Debug|Any CPU.ActiveCfg = Debug|Any CPU
		{834FF0F5-12C4-47CE-B68A-41C9B69C2267}.Debug|Any CPU.Build.0 = Debug|Any CPU
		{834FF0F5-12C4-47CE-B68A-41C9B69C2267}.Release|Any CPU.ActiveCfg = Release|Any CPU
		{834FF0F5-12C4-47CE-B68A-41C9B69C2267}.Release|Any CPU.Build.0 = Release|Any CPU
		{DD3741DE-9EA8-4E75-9E63-E4F989E3CF20}.Debug|Any CPU.ActiveCfg = Debug|Any CPU
		{DD3741DE-9EA8-4E75-9E63-E4F989E3CF20}.Debug|Any CPU.Build.0 = Debug|Any CPU
		{DD3741DE-9EA8-4E75-9E63-E4F989E3CF20}.Release|Any CPU.ActiveCfg = Release|Any CPU
		{DD3741DE-9EA8-4E75-9E63-E4F989E3CF20}.Release|Any CPU.Build.0 = Release|Any CPU
	EndGlobalSection
	GlobalSection(SolutionProperties) = preSolution
		HideSolutionNode = FALSE
	EndGlobalSection
	GlobalSection(ExtensibilityGlobals) = postSolution
		SolutionGuid = {B2570E6B-CFD8-40E2-8951-D118C2C30305}
	EndGlobalSection
EndGlobal
