
Microsoft Visual Studio Solution File, Format Version 12.00
# Visual Studio Version 17
VisualStudioVersion = 17.14.36127.28
MinimumVisualStudioVersion = 10.0.40219.1
Project("{FAE04EC0-301F-11D3-BF4B-00C04F79EFBC}") = "Dopamine.StardewValley", "Dopamine.StardewValley.csproj", "{5D978BAE-826F-1A38-1A99-7AE9D03172C9}"
EndProject
Project("{FAE04EC0-301F-11D3-BF4B-00C04F79EFBC}") = "MonoGame.Framework", "..\MonoGameFrameworkCodeReference\MonoGame.Framework.csproj", "{0074BB97-3CC4-345F-66D4-32ED2DA112F7}"
EndProject
Project("{FAE04EC0-301F-11D3-BF4B-00C04F79EFBC}") = "Stardew-Valley", "..\StardewValleyCodeReference\Stardew-Valley.csproj", "{807EB511-01AB-957C-1BD9-A0B910FA4EB5}"
EndProject
Project("{FAE04EC0-301F-11D3-BF4B-00C04F79EFBC}") = "LookupAnything", "..\StardewValley.LookupAnything\LookupAnything.csproj", "{2C176C15-BB9D-3644-3B00-FEB8D7F405CC}"
EndProject
Project("{FAE04EC0-301F-11D3-BF4B-00C04F79EFBC}") = "GenericModConfigMenu", "..\StardewValley.GenericModConfigMenu\GenericModConfigMenu.csproj", "{3E0F1F7E-D9D3-DC96-ACBF-FD488E41AFD4}"
EndProject
Project("{FAE04EC0-301F-11D3-BF4B-00C04F79EFBC}") = "GiantCropRing", "..\StardewValley.GiantCropRing\GiantCropRing.csproj", "{47B8BD47-9A09-4692-402D-8CD6F911DB5F}"
EndProject
Global
	GlobalSection(SolutionConfigurationPlatforms) = preSolution
		Debug|Any CPU = Debug|Any CPU
		Release|Any CPU = Release|Any CPU
	EndGlobalSection
	GlobalSection(ProjectConfigurationPlatforms) = postSolution
		{5D978BAE-826F-1A38-1A99-7AE9D03172C9}.Debug|Any CPU.ActiveCfg = Debug|Any CPU
		{5D978BAE-826F-1A38-1A99-7AE9D03172C9}.Debug|Any CPU.Build.0 = Debug|Any CPU
		{5D978BAE-826F-1A38-1A99-7AE9D03172C9}.Release|Any CPU.ActiveCfg = Release|Any CPU
		{5D978BAE-826F-1A38-1A99-7AE9D03172C9}.Release|Any CPU.Build.0 = Release|Any CPU
		{0074BB97-3CC4-345F-66D4-32ED2DA112F7}.Debug|Any CPU.ActiveCfg = Debug|Any CPU
		{0074BB97-3CC4-345F-66D4-32ED2DA112F7}.Debug|Any CPU.Build.0 = Debug|Any CPU
		{0074BB97-3CC4-345F-66D4-32ED2DA112F7}.Release|Any CPU.ActiveCfg = Release|Any CPU
		{0074BB97-3CC4-345F-66D4-32ED2DA112F7}.Release|Any CPU.Build.0 = Release|Any CPU
		{807EB511-01AB-957C-1BD9-A0B910FA4EB5}.Debug|Any CPU.ActiveCfg = Debug|Any CPU
		{807EB511-01AB-957C-1BD9-A0B910FA4EB5}.Debug|Any CPU.Build.0 = Debug|Any CPU
		{807EB511-01AB-957C-1BD9-A0B910FA4EB5}.Release|Any CPU.ActiveCfg = Release|Any CPU
		{807EB511-01AB-957C-1BD9-A0B910FA4EB5}.Release|Any CPU.Build.0 = Release|Any CPU
		{2C176C15-BB9D-3644-3B00-FEB8D7F405CC}.Debug|Any CPU.ActiveCfg = Debug|Any CPU
		{2C176C15-BB9D-3644-3B00-FEB8D7F405CC}.Debug|Any CPU.Build.0 = Debug|Any CPU
		{2C176C15-BB9D-3644-3B00-FEB8D7F405CC}.Release|Any CPU.ActiveCfg = Release|Any CPU
		{2C176C15-BB9D-3644-3B00-FEB8D7F405CC}.Release|Any CPU.Build.0 = Release|Any CPU
		{3E0F1F7E-D9D3-DC96-ACBF-FD488E41AFD4}.Debug|Any CPU.ActiveCfg = Debug|Any CPU
		{3E0F1F7E-D9D3-DC96-ACBF-FD488E41AFD4}.Debug|Any CPU.Build.0 = Debug|Any CPU
		{3E0F1F7E-D9D3-DC96-ACBF-FD488E41AFD4}.Release|Any CPU.ActiveCfg = Release|Any CPU
		{3E0F1F7E-D9D3-DC96-ACBF-FD488E41AFD4}.Release|Any CPU.Build.0 = Release|Any CPU
		{47B8BD47-9A09-4692-402D-8CD6F911DB5F}.Debug|Any CPU.ActiveCfg = Debug|Any CPU
		{47B8BD47-9A09-4692-402D-8CD6F911DB5F}.Debug|Any CPU.Build.0 = Debug|Any CPU
		{47B8BD47-9A09-4692-402D-8CD6F911DB5F}.Release|Any CPU.ActiveCfg = Release|Any CPU
		{47B8BD47-9A09-4692-402D-8CD6F911DB5F}.Release|Any CPU.Build.0 = Release|Any CPU
	EndGlobalSection
	GlobalSection(SolutionProperties) = preSolution
		HideSolutionNode = FALSE
	EndGlobalSection
	GlobalSection(ExtensibilityGlobals) = postSolution
		SolutionGuid = {CCFBE86D-11CA-4531-B2B7-EC78E37A73F2}
	EndGlobalSection
EndGlobal
