
Microsoft Visual Studio Solution File, Format Version 12.00
# Visual Studio Version 17
VisualStudioVersion = 17.14.36202.13 d17.14
MinimumVisualStudioVersion = 10.0.40219.1
Project("{FAE04EC0-301F-11D3-BF4B-00C04F79EFBC}") = "AxInterop.OALib", "AxInterop.OALib.csproj", "{7D14EC6A-FD7C-57CB-5188-C5975772B99F}"
EndProject
Project("{FAE04EC0-301F-11D3-BF4B-00C04F79EFBC}") = "Interop.OALib", "..\Interop.OALib\Interop.OALib.csproj", "{8CDDBF9E-E3EC-ABB1-A966-4F6F219E6AF3}"
EndProject
Global
	GlobalSection(SolutionConfigurationPlatforms) = preSolution
		Debug|Any CPU = Debug|Any CPU
		Release|Any CPU = Release|Any CPU
	EndGlobalSection
	GlobalSection(ProjectConfigurationPlatforms) = postSolution
		{7D14EC6A-FD7C-57CB-5188-C5975772B99F}.Debug|Any CPU.ActiveCfg = Debug|Any CPU
		{7D14EC6A-FD7C-57CB-5188-C5975772B99F}.Debug|Any CPU.Build.0 = Debug|Any CPU
		{7D14EC6A-FD7C-57CB-5188-C5975772B99F}.Release|Any CPU.ActiveCfg = Release|Any CPU
		{7D14EC6A-FD7C-57CB-5188-C5975772B99F}.Release|Any CPU.Build.0 = Release|Any CPU
		{8CDDBF9E-E3EC-ABB1-A966-4F6F219E6AF3}.Debug|Any CPU.ActiveCfg = Debug|Any CPU
		{8CDDBF9E-E3EC-ABB1-A966-4F6F219E6AF3}.Debug|Any CPU.Build.0 = Debug|Any CPU
		{8CDDBF9E-E3EC-ABB1-A966-4F6F219E6AF3}.Release|Any CPU.ActiveCfg = Release|Any CPU
		{8CDDBF9E-E3EC-ABB1-A966-4F6F219E6AF3}.Release|Any CPU.Build.0 = Release|Any CPU
	EndGlobalSection
	GlobalSection(SolutionProperties) = preSolution
		HideSolutionNode = FALSE
	EndGlobalSection
	GlobalSection(ExtensibilityGlobals) = postSolution
		SolutionGuid = {4A017A21-B2E8-4D02-B586-9B762442590E}
	EndGlobalSection
EndGlobal
