
Microsoft Visual Studio Solution File, Format Version 12.00
# Visual Studio Version 17
VisualStudioVersion = 17.13.35825.156 d17.13
MinimumVisualStudioVersion = 10.0.40219.1
Project("{FAE04EC0-301F-11D3-BF4B-00C04F79EFBC}") = "LeetCode", "LeetCode.csproj", "{2C47F913-A521-4DB0-A01B-12C595C70CDB}"
EndProject
Global
	GlobalSection(SolutionConfigurationPlatforms) = preSolution
		Debug|Any CPU = Debug|Any CPU
		Release|Any CPU = Release|Any CPU
	EndGlobalSection
	GlobalSection(ProjectConfigurationPlatforms) = postSolution
		{2C47F913-A521-4DB0-A01B-12C595C70CDB}.Debug|Any CPU.ActiveCfg = Debug|Any CPU
		{2C47F913-A521-4DB0-A01B-12C595C70CDB}.Debug|Any CPU.Build.0 = Debug|Any CPU
		{2C47F913-A521-4DB0-A01B-12C595C70CDB}.Release|Any CPU.ActiveCfg = Release|Any CPU
		{2C47F913-A521-4DB0-A01B-12C595C70CDB}.Release|Any CPU.Build.0 = Release|Any CPU
	EndGlobalSection
	GlobalSection(SolutionProperties) = preSolution
		HideSolutionNode = FALSE
	EndGlobalSection
	GlobalSection(ExtensibilityGlobals) = postSolution
		SolutionGuid = {53167213-F6A4-4B7E-8E55-CC5B1ACBC1F2}
	EndGlobalSection
EndGlobal
